
Microsoft Visual Studio Solution File, Format Version 12.00
# Visual Studio Version 17
VisualStudioVersion = 17.3.32804.467
MinimumVisualStudioVersion = 10.0.40219.1
Project("{FAE04EC0-301F-11D3-BF4B-00C04F79EFBC}") = "fehrenheit", "fehrenheit\fehrenheit.csproj", "{D64E1953-A5FB-4E05-8910-2B74BB41CA14}"
EndProject
Global
	GlobalSection(SolutionConfigurationPlatforms) = preSolution
		Debug|Any CPU = Debug|Any CPU
		Release|Any CPU = Release|Any CPU
	EndGlobalSection
	GlobalSection(ProjectConfigurationPlatforms) = postSolution
		{D64E1953-A5FB-4E05-8910-2B74BB41CA14}.Debug|Any CPU.ActiveCfg = Debug|Any CPU
		{D64E1953-A5FB-4E05-8910-2B74BB41CA14}.Debug|Any CPU.Build.0 = Debug|Any CPU
		{D64E1953-A5FB-4E05-8910-2B74BB41CA14}.Release|Any CPU.ActiveCfg = Release|Any CPU
		{D64E1953-A5FB-4E05-8910-2B74BB41CA14}.Release|Any CPU.Build.0 = Release|Any CPU
	EndGlobalSection
	GlobalSection(SolutionProperties) = preSolution
		HideSolutionNode = FALSE
	EndGlobalSection
	GlobalSection(ExtensibilityGlobals) = postSolution
		SolutionGuid = {C91D6658-4161-4AE7-8351-A58118C43A36}
	EndGlobalSection
EndGlobal
