
Microsoft Visual Studio Solution File, Format Version 12.00
# Visual Studio Version 17
VisualStudioVersion = 17.3.32804.467
MinimumVisualStudioVersion = 10.0.40219.1
Project("{FAE04EC0-301F-11D3-BF4B-00C04F79EFBC}") = "Reverse", "Reverse\Reverse.csproj", "{6E30060F-AAF2-411B-97E0-0B6B0CB9F994}"
EndProject
Global
	GlobalSection(SolutionConfigurationPlatforms) = preSolution
		Debug|Any CPU = Debug|Any CPU
		Release|Any CPU = Release|Any CPU
	EndGlobalSection
	GlobalSection(ProjectConfigurationPlatforms) = postSolution
		{6E30060F-AAF2-411B-97E0-0B6B0CB9F994}.Debug|Any CPU.ActiveCfg = Debug|Any CPU
		{6E30060F-AAF2-411B-97E0-0B6B0CB9F994}.Debug|Any CPU.Build.0 = Debug|Any CPU
		{6E30060F-AAF2-411B-97E0-0B6B0CB9F994}.Release|Any CPU.ActiveCfg = Release|Any CPU
		{6E30060F-AAF2-411B-97E0-0B6B0CB9F994}.Release|Any CPU.Build.0 = Release|Any CPU
	EndGlobalSection
	GlobalSection(SolutionProperties) = preSolution
		HideSolutionNode = FALSE
	EndGlobalSection
	GlobalSection(ExtensibilityGlobals) = postSolution
		SolutionGuid = {89DB2814-0373-44D4-B911-01A01EFA7BCD}
	EndGlobalSection
EndGlobal
