
Microsoft Visual Studio Solution File, Format Version 12.00
# Visual Studio Version 17
VisualStudioVersion = 17.3.32804.467
MinimumVisualStudioVersion = 10.0.40219.1
Project("{FAE04EC0-301F-11D3-BF4B-00C04F79EFBC}") = "dayofweek", "dayofweek\dayofweek.csproj", "{0DC6F037-56EA-4B4C-B3CA-442B0F7EFA89}"
EndProject
Global
	GlobalSection(SolutionConfigurationPlatforms) = preSolution
		Debug|Any CPU = Debug|Any CPU
		Release|Any CPU = Release|Any CPU
	EndGlobalSection
	GlobalSection(ProjectConfigurationPlatforms) = postSolution
		{0DC6F037-56EA-4B4C-B3CA-442B0F7EFA89}.Debug|Any CPU.ActiveCfg = Debug|Any CPU
		{0DC6F037-56EA-4B4C-B3CA-442B0F7EFA89}.Debug|Any CPU.Build.0 = Debug|Any CPU
		{0DC6F037-56EA-4B4C-B3CA-442B0F7EFA89}.Release|Any CPU.ActiveCfg = Release|Any CPU
		{0DC6F037-56EA-4B4C-B3CA-442B0F7EFA89}.Release|Any CPU.Build.0 = Release|Any CPU
	EndGlobalSection
	GlobalSection(SolutionProperties) = preSolution
		HideSolutionNode = FALSE
	EndGlobalSection
	GlobalSection(ExtensibilityGlobals) = postSolution
		SolutionGuid = {8F250038-8FC4-4A1C-BC28-4B8833541E98}
	EndGlobalSection
EndGlobal
