
Microsoft Visual Studio Solution File, Format Version 12.00
# Visual Studio Version 17
VisualStudioVersion = 17.3.32804.467
MinimumVisualStudioVersion = 10.0.40219.1
Project("{FAE04EC0-301F-11D3-BF4B-00C04F79EFBC}") = "Watch", "Watch\Watch.csproj", "{498545C5-EB44-4963-95E4-7C7443F2A4CE}"
EndProject
Global
	GlobalSection(SolutionConfigurationPlatforms) = preSolution
		Debug|Any CPU = Debug|Any CPU
		Release|Any CPU = Release|Any CPU
	EndGlobalSection
	GlobalSection(ProjectConfigurationPlatforms) = postSolution
		{498545C5-EB44-4963-95E4-7C7443F2A4CE}.Debug|Any CPU.ActiveCfg = Debug|Any CPU
		{498545C5-EB44-4963-95E4-7C7443F2A4CE}.Debug|Any CPU.Build.0 = Debug|Any CPU
		{498545C5-EB44-4963-95E4-7C7443F2A4CE}.Release|Any CPU.ActiveCfg = Release|Any CPU
		{498545C5-EB44-4963-95E4-7C7443F2A4CE}.Release|Any CPU.Build.0 = Release|Any CPU
	EndGlobalSection
	GlobalSection(SolutionProperties) = preSolution
		HideSolutionNode = FALSE
	EndGlobalSection
	GlobalSection(ExtensibilityGlobals) = postSolution
		SolutionGuid = {75EE705C-CE91-4EC4-AB76-C7866C8E9B10}
	EndGlobalSection
EndGlobal
